
Microsoft Visual Studio Solution File, Format Version 12.00
# Visual Studio Version 17
VisualStudioVersion = 17.0.31912.275
MinimumVisualStudioVersion = 10.0.40219.1
Project("{FAE04EC0-301F-11D3-BF4B-00C04F79EFBC}") = "BotClient", "BotClient\BotClient.csproj", "{6A204A80-D0E5-4EFE-81A7-6606E500D448}"
EndProject
Global
	GlobalSection(SolutionConfigurationPlatforms) = preSolution
		Debug|Any CPU = Debug|Any CPU
		Release|Any CPU = Release|Any CPU
	EndGlobalSection
	GlobalSection(ProjectConfigurationPlatforms) = postSolution
		{6A204A80-D0E5-4EFE-81A7-6606E500D448}.Debug|Any CPU.ActiveCfg = Debug|Any CPU
		{6A204A80-D0E5-4EFE-81A7-6606E500D448}.Debug|Any CPU.Build.0 = Debug|Any CPU
		{6A204A80-D0E5-4EFE-81A7-6606E500D448}.Release|Any CPU.ActiveCfg = Release|Any CPU
		{6A204A80-D0E5-4EFE-81A7-6606E500D448}.Release|Any CPU.Build.0 = Release|Any CPU
	EndGlobalSection
	GlobalSection(SolutionProperties) = preSolution
		HideSolutionNode = FALSE
	EndGlobalSection
	GlobalSection(ExtensibilityGlobals) = postSolution
		SolutionGuid = {3649F663-E65F-48CE-A3CD-265103DE50E4}
	EndGlobalSection
EndGlobal
